
Microsoft Visual Studio Solution File, Format Version 12.00
# Visual Studio 15
VisualStudioVersion = 15.0.26730.16
MinimumVisualStudioVersion = 10.0.40219.1
Project("{FAE04EC0-301F-11D3-BF4B-00C04F79EFBC}") = "Livro C-Sharp - Capitulo 12 (XML)", "Livro C-Sharp - Capitulo 12 (XML)\Livro C-Sharp - Capitulo 12 (XML).csproj", "{73872184-3260-469B-9806-E1D1C3957673}"
EndProject
Global
	GlobalSection(SolutionConfigurationPlatforms) = preSolution
		Debug|Any CPU = Debug|Any CPU
		Release|Any CPU = Release|Any CPU
	EndGlobalSection
	GlobalSection(ProjectConfigurationPlatforms) = postSolution
		{73872184-3260-469B-9806-E1D1C3957673}.Debug|Any CPU.ActiveCfg = Debug|Any CPU
		{73872184-3260-469B-9806-E1D1C3957673}.Debug|Any CPU.Build.0 = Debug|Any CPU
		{73872184-3260-469B-9806-E1D1C3957673}.Release|Any CPU.ActiveCfg = Release|Any CPU
		{73872184-3260-469B-9806-E1D1C3957673}.Release|Any CPU.Build.0 = Release|Any CPU
	EndGlobalSection
	GlobalSection(SolutionProperties) = preSolution
		HideSolutionNode = FALSE
	EndGlobalSection
	GlobalSection(ExtensibilityGlobals) = postSolution
		SolutionGuid = {9CB17B01-578C-42A8-B363-8D676E449B41}
	EndGlobalSection
EndGlobal
